
Microsoft Visual Studio Solution File, Format Version 12.00
# Visual Studio Version 17
VisualStudioVersion = 17.1.32319.34
MinimumVisualStudioVersion = 10.0.40219.1
Project("{9A19103F-16F7-4668-BE54-9A1E7A4F7556}") = "TdAmeritrade.Net", "src\TdAmeritrade.Net\TdAmeritrade.Net.csproj", "{3C5B4B81-82E8-4F36-A9EA-0638746441F7}"
EndProject
Project("{2150E333-8FDC-42A3-9474-1A3956D46DE8}") = "Root Folder", "Root Folder", "{0180F63D-33D4-4E25-BA06-FDE3FA24A874}"
	ProjectSection(SolutionItems) = preProject
		.editorconfig = .editorconfig
		.gitignore = .gitignore
		.github\workflows\build.yml = .github\workflows\build.yml
		Directory.Build.props = Directory.Build.props
		README.md = README.md
	EndProjectSection
EndProject
Global
	GlobalSection(SolutionConfigurationPlatforms) = preSolution
		Debug|Any CPU = Debug|Any CPU
		Release|Any CPU = Release|Any CPU
	EndGlobalSection
	GlobalSection(ProjectConfigurationPlatforms) = postSolution
		{3C5B4B81-82E8-4F36-A9EA-0638746441F7}.Debug|Any CPU.ActiveCfg = Debug|Any CPU
		{3C5B4B81-82E8-4F36-A9EA-0638746441F7}.Debug|Any CPU.Build.0 = Debug|Any CPU
		{3C5B4B81-82E8-4F36-A9EA-0638746441F7}.Release|Any CPU.ActiveCfg = Release|Any CPU
		{3C5B4B81-82E8-4F36-A9EA-0638746441F7}.Release|Any CPU.Build.0 = Release|Any CPU
	EndGlobalSection
	GlobalSection(SolutionProperties) = preSolution
		HideSolutionNode = FALSE
	EndGlobalSection
	GlobalSection(ExtensibilityGlobals) = postSolution
		SolutionGuid = {6E0665E5-3357-4C42-8331-6A1370110FD3}
	EndGlobalSection
EndGlobal
